// !$*UTF8*$!
{
	archiveVersion = 1;
	classes = {
	};
	objectVersion = 56;
	objects = {

/* Begin PBXBuildFile section */
		75770F0D2A603F6C00ECE09D /* AppDelegate.swift in Sources */ = {isa = PBXBuildFile; fileRef = 75770F0C2A603F6C00ECE09D /* AppDelegate.swift */; };
		75770F0F2A603F6C00ECE09D /* SceneDelegate.swift in Sources */ = {isa = PBXBuildFile; fileRef = 75770F0E2A603F6C00ECE09D /* SceneDelegate.swift */; };
		75770F112A603F6C00ECE09D /* ListViewController.swift in Sources */ = {isa = PBXBuildFile; fileRef = 75770F102A603F6C00ECE09D /* ListViewController.swift */; };
		75770F142A603F6C00ECE09D /* Main.storyboard in Resources */ = {isa = PBXBuildFile; fileRef = 75770F122A603F6C00ECE09D /* Main.storyboard */; };
		75770F162A603F6D00ECE09D /* Assets.xcassets in Resources */ = {isa = PBXBuildFile; fileRef = 75770F152A603F6D00ECE09D /* Assets.xcassets */; };
		75770F192A603F6D00ECE09D /* LaunchScreen.storyboard in Resources */ = {isa = PBXBuildFile; fileRef = 75770F172A603F6D00ECE09D /* LaunchScreen.storyboard */; };
		758240522A69C432009F97D4 /* TaskModel.xcdatamodeld in Sources */ = {isa = PBXBuildFile; fileRef = 758240502A69C432009F97D4 /* TaskModel.xcdatamodeld */; };
		758240612A69C7F2009F97D4 /* TaskModel+CoreDataClass.swift in Sources */ = {isa = PBXBuildFile; fileRef = 7582405F2A69C7F2009F97D4 /* TaskModel+CoreDataClass.swift */; };
		758240622A69C7F2009F97D4 /* TaskModel+CoreDataProperties.swift in Sources */ = {isa = PBXBuildFile; fileRef = 758240602A69C7F2009F97D4 /* TaskModel+CoreDataProperties.swift */; };
		758240642A69D849009F97D4 /* Task.swift in Sources */ = {isa = PBXBuildFile; fileRef = 758240632A69D849009F97D4 /* Task.swift */; };
		75A4AB692A6079290006F2CE /* TaskTableViewCell.swift in Sources */ = {isa = PBXBuildFile; fileRef = 75A4AB682A6079290006F2CE /* TaskTableViewCell.swift */; };
		75A4AB902A63F3C20006F2CE /* CoreDataManager.swift in Sources */ = {isa = PBXBuildFile; fileRef = 75A4AB8F2A63F3C20006F2CE /* CoreDataManager.swift */; };
/* End PBXBuildFile section */

/* Begin PBXFileReference section */
		75770F092A603F6C00ECE09D /* ToDo.app */ = {isa = PBXFileReference; explicitFileType = wrapper.application; includeInIndex = 0; path = ToDo.app; sourceTree = BUILT_PRODUCTS_DIR; };
		75770F0C2A603F6C00ECE09D /* AppDelegate.swift */ = {isa = PBXFileReference; lastKnownFileType = sourcecode.swift; path = AppDelegate.swift; sourceTree = "<group>"; };
		75770F0E2A603F6C00ECE09D /* SceneDelegate.swift */ = {isa = PBXFileReference; lastKnownFileType = sourcecode.swift; path = SceneDelegate.swift; sourceTree = "<group>"; };
		75770F102A603F6C00ECE09D /* ListViewController.swift */ = {isa = PBXFileReference; lastKnownFileType = sourcecode.swift; path = ListViewController.swift; sourceTree = "<group>"; };
		75770F132A603F6C00ECE09D /* Base */ = {isa = PBXFileReference; lastKnownFileType = file.storyboard; name = Base; path = Base.lproj/Main.storyboard; sourceTree = "<group>"; };
		75770F152A603F6D00ECE09D /* Assets.xcassets */ = {isa = PBXFileReference; lastKnownFileType = folder.assetcatalog; name = Assets.xcassets; path = ToDo/Assets.xcassets; sourceTree = SOURCE_ROOT; };
		75770F182A603F6D00ECE09D /* Base */ = {isa = PBXFileReference; lastKnownFileType = file.storyboard; name = Base; path = Base.lproj/LaunchScreen.storyboard; sourceTree = "<group>"; };
		75770F1A2A603F6D00ECE09D /* Info.plist */ = {isa = PBXFileReference; lastKnownFileType = text.plist.xml; path = Info.plist; sourceTree = "<group>"; };
		758240512A69C432009F97D4 /* TaskModel.xcdatamodel */ = {isa = PBXFileReference; lastKnownFileType = wrapper.xcdatamodel; path = TaskModel.xcdatamodel; sourceTree = "<group>"; };
		7582405F2A69C7F2009F97D4 /* TaskModel+CoreDataClass.swift */ = {isa = PBXFileReference; lastKnownFileType = sourcecode.swift; path = "TaskModel+CoreDataClass.swift"; sourceTree = "<group>"; };
		758240602A69C7F2009F97D4 /* TaskModel+CoreDataProperties.swift */ = {isa = PBXFileReference; lastKnownFileType = sourcecode.swift; path = "TaskModel+CoreDataProperties.swift"; sourceTree = "<group>"; };
		758240632A69D849009F97D4 /* Task.swift */ = {isa = PBXFileReference; lastKnownFileType = sourcecode.swift; path = Task.swift; sourceTree = "<group>"; };
		75A4AB682A6079290006F2CE /* TaskTableViewCell.swift */ = {isa = PBXFileReference; lastKnownFileType = sourcecode.swift; path = TaskTableViewCell.swift; sourceTree = "<group>"; };
		75A4AB8F2A63F3C20006F2CE /* CoreDataManager.swift */ = {isa = PBXFileReference; lastKnownFileType = sourcecode.swift; path = CoreDataManager.swift; sourceTree = "<group>"; };
/* End PBXFileReference section */

/* Begin PBXFrameworksBuildPhase section */
		75770F062A603F6C00ECE09D /* Frameworks */ = {
			isa = PBXFrameworksBuildPhase;
			buildActionMask = 2147483647;
			files = (
			);
			runOnlyForDeploymentPostprocessing = 0;
		};
/* End PBXFrameworksBuildPhase section */

/* Begin PBXGroup section */
		75770F002A603F6C00ECE09D = {
			isa = PBXGroup;
			children = (
				75770F0B2A603F6C00ECE09D /* ToDo */,
				75770F0A2A603F6C00ECE09D /* Products */,
			);
			sourceTree = "<group>";
		};
		75770F0A2A603F6C00ECE09D /* Products */ = {
			isa = PBXGroup;
			children = (
				75770F092A603F6C00ECE09D /* ToDo.app */,
			);
			name = Products;
			sourceTree = "<group>";
		};
		75770F0B2A603F6C00ECE09D /* ToDo */ = {
			isa = PBXGroup;
			children = (
				75A4AB8F2A63F3C20006F2CE /* CoreDataManager.swift */,
				75EAD6112A65418E000B1641 /* CoreDataModels */,
				75770F0C2A603F6C00ECE09D /* AppDelegate.swift */,
				75770F0E2A603F6C00ECE09D /* SceneDelegate.swift */,
				75A4AB682A6079290006F2CE /* TaskTableViewCell.swift */,
				758240632A69D849009F97D4 /* Task.swift */,
				75770F102A603F6C00ECE09D /* ListViewController.swift */,
				75770F122A603F6C00ECE09D /* Main.storyboard */,
				75770F152A603F6D00ECE09D /* Assets.xcassets */,
				75770F172A603F6D00ECE09D /* LaunchScreen.storyboard */,
				75770F1A2A603F6D00ECE09D /* Info.plist */,
				758240502A69C432009F97D4 /* TaskModel.xcdatamodeld */,
			);
			path = ToDo;
			sourceTree = "<group>";
		};
		75EAD6112A65418E000B1641 /* CoreDataModels */ = {
			isa = PBXGroup;
			children = (
				7582405F2A69C7F2009F97D4 /* TaskModel+CoreDataClass.swift */,
				758240602A69C7F2009F97D4 /* TaskModel+CoreDataProperties.swift */,
			);
			path = CoreDataModels;
			sourceTree = "<group>";
		};
/* End PBXGroup section */

/* Begin PBXNativeTarget section */
		75770F082A603F6C00ECE09D /* ToDo */ = {
			isa = PBXNativeTarget;
			buildConfigurationList = 75770F1D2A603F6D00ECE09D /* Build configuration list for PBXNativeTarget "ToDo" */;
			buildPhases = (
				75770F052A603F6C00ECE09D /* Sources */,
				75770F062A603F6C00ECE09D /* Frameworks */,
				75770F072A603F6C00ECE09D /* Resources */,
			);
			buildRules = (
			);
			dependencies = (
			);
			name = ToDo;
			productName = ToDo;
			productReference = 75770F092A603F6C00ECE09D /* ToDo.app */;
			productType = "com.apple.product-type.application";
		};
/* End PBXNativeTarget section */

/* Begin PBXProject section */
		75770F012A603F6C00ECE09D /* Project object */ = {
			isa = PBXProject;
			attributes = {
				BuildIndependentTargetsInParallel = 1;
				LastSwiftUpdateCheck = 1430;
				LastUpgradeCheck = 1430;
				TargetAttributes = {
					75770F082A603F6C00ECE09D = {
						CreatedOnToolsVersion = 14.3.1;
					};
				};
			};
			buildConfigurationList = 75770F042A603F6C00ECE09D /* Build configuration list for PBXProject "ToDo" */;
			compatibilityVersion = "Xcode 14.0";
			developmentRegion = en;
			hasScannedForEncodings = 0;
			knownRegions = (
				en,
				Base,
			);
			mainGroup = 75770F002A603F6C00ECE09D;
			productRefGroup = 75770F0A2A603F6C00ECE09D /* Products */;
			projectDirPath = "";
			projectRoot = "";
			targets = (
				75770F082A603F6C00ECE09D /* ToDo */,
			);
		};
/* End PBXProject section */

/* Begin PBXResourcesBuildPhase section */
		75770F072A603F6C00ECE09D /* Resources */ = {
			isa = PBXResourcesBuildPhase;
			buildActionMask = 2147483647;
			files = (
				75770F192A603F6D00ECE09D /* LaunchScreen.storyboard in Resources */,
				75770F162A603F6D00ECE09D /* Assets.xcassets in Resources */,
				75770F142A603F6C00ECE09D /* Main.storyboard in Resources */,
			);
			runOnlyForDeploymentPostprocessing = 0;
		};
/* End PBXResourcesBuildPhase section */

/* Begin PBXSourcesBuildPhase section */
		75770F052A603F6C00ECE09D /* Sources */ = {
			isa = PBXSourcesBuildPhase;
			buildActionMask = 2147483647;
			files = (
				758240612A69C7F2009F97D4 /* TaskModel+CoreDataClass.swift in Sources */,
				75A4AB692A6079290006F2CE /* TaskTableViewCell.swift in Sources */,
				758240622A69C7F2009F97D4 /* TaskModel+CoreDataProperties.swift in Sources */,
				758240522A69C432009F97D4 /* TaskModel.xcdatamodeld in Sources */,
				75770F112A603F6C00ECE09D /* ListViewController.swift in Sources */,
				75770F0D2A603F6C00ECE09D /* AppDelegate.swift in Sources */,
				75A4AB902A63F3C20006F2CE /* CoreDataManager.swift in Sources */,
				758240642A69D849009F97D4 /* Task.swift in Sources */,
				75770F0F2A603F6C00ECE09D /* SceneDelegate.swift in Sources */,
			);
			runOnlyForDeploymentPostprocessing = 0;
		};
/* End PBXSourcesBuildPhase section */

/* Begin PBXVariantGroup section */
		75770F122A603F6C00ECE09D /* Main.storyboard */ = {
			isa = PBXVariantGroup;
			children = (
				75770F132A603F6C00ECE09D /* Base */,
			);
			name = Main.storyboard;
			sourceTree = "<group>";
		};
		75770F172A603F6D00ECE09D /* LaunchScreen.storyboard */ = {
			isa = PBXVariantGroup;
			children = (
				75770F182A603F6D00ECE09D /* Base */,
			);
			name = LaunchScreen.storyboard;
			sourceTree = "<group>";
		};
/* End PBXVariantGroup section */

/* Begin XCBuildConfiguration section */
		75770F1B2A603F6D00ECE09D /* Debug */ = {
			isa = XCBuildConfiguration;
			buildSettings = {
				ALWAYS_SEARCH_USER_PATHS = NO;
				CLANG_ANALYZER_NONNULL = YES;
				CLANG_ANALYZER_NUMBER_OBJECT_CONVERSION = YES_AGGRESSIVE;
				CLANG_CXX_LANGUAGE_STANDARD = "gnu++20";
				CLANG_ENABLE_MODULES = YES;
				CLANG_ENABLE_OBJC_ARC = YES;
				CLANG_ENABLE_OBJC_WEAK = YES;
				CLANG_WARN_BLOCK_CAPTURE_AUTORELEASING = YES;
				CLANG_WARN_BOOL_CONVERSION = YES;
				CLANG_WARN_COMMA = YES;
				CLANG_WARN_CONSTANT_CONVERSION = YES;
				CLANG_WARN_DEPRECATED_OBJC_IMPLEMENTATIONS = YES;
				CLANG_WARN_DIRECT_OBJC_ISA_USAGE = YES_ERROR;
				CLANG_WARN_DOCUMENTATION_COMMENTS = YES;
				CLANG_WARN_EMPTY_BODY = YES;
				CLANG_WARN_ENUM_CONVERSION = YES;
				CLANG_WARN_INFINITE_RECURSION = YES;
				CLANG_WARN_INT_CONVERSION = YES;
				CLANG_WARN_NON_LITERAL_NULL_CONVERSION = YES;
				CLANG_WARN_OBJC_IMPLICIT_RETAIN_SELF = YES;
				CLANG_WARN_OBJC_LITERAL_CONVERSION = YES;
				CLANG_WARN_OBJC_ROOT_CLASS = YES_ERROR;
				CLANG_WARN_QUOTED_INCLUDE_IN_FRAMEWORK_HEADER = YES;
				CLANG_WARN_RANGE_LOOP_ANALYSIS = YES;
				CLANG_WARN_STRICT_PROTOTYPES = YES;
				CLANG_WARN_SUSPICIOUS_MOVE = YES;
				CLANG_WARN_UNGUARDED_AVAILABILITY = YES_AGGRESSIVE;
				CLANG_WARN_UNREACHABLE_CODE = YES;
				CLANG_WARN__DUPLICATE_METHOD_MATCH = YES;
				COPY_PHASE_STRIP = NO;
				DEBUG_INFORMATION_FORMAT = dwarf;
				ENABLE_STRICT_OBJC_MSGSEND = YES;
				ENABLE_TESTABILITY = YES;
				GCC_C_LANGUAGE_STANDARD = gnu11;
				GCC_DYNAMIC_NO_PIC = NO;
				GCC_NO_COMMON_BLOCKS = YES;
				GCC_OPTIMIZATION_LEVEL = 0;
				GCC_PREPROCESSOR_DEFINITIONS = (
					"DEBUG=1",
					"$(inherited)",
				);
				GCC_WARN_64_TO_32_BIT_CONVERSION = YES;
				GCC_WARN_ABOUT_RETURN_TYPE = YES_ERROR;
				GCC_WARN_UNDECLARED_SELECTOR = YES;
				GCC_WARN_UNINITIALIZED_AUTOS = YES_AGGRESSIVE;
				GCC_WARN_UNUSED_FUNCTION = YES;
				GCC_WARN_UNUSED_VARIABLE = YES;
				IPHONEOS_DEPLOYMENT_TARGET = 16.4;
				MTL_ENABLE_DEBUG_INFO = INCLUDE_SOURCE;
				MTL_FAST_MATH = YES;
				ONLY_ACTIVE_ARCH = YES;
				SDKROOT = iphoneos;
				SWIFT_ACTIVE_COMPILATION_CONDITIONS = DEBUG;
				SWIFT_OPTIMIZATION_LEVEL = "-Onone";
			};
			name = Debug;
		};
		75770F1C2A603F6D00ECE09D /* Release */ = {
			isa = XCBuildConfiguration;
			buildSettings = {
				ALWAYS_SEARCH_USER_PATHS = NO;
				CLANG_ANALYZER_NONNULL = YES;
				CLANG_ANALYZER_NUMBER_OBJECT_CONVERSION = YES_AGGRESSIVE;
				CLANG_CXX_LANGUAGE_STANDARD = "gnu++20";
				CLANG_ENABLE_MODULES = YES;
				CLANG_ENABLE_OBJC_ARC = YES;
				CLANG_ENABLE_OBJC_WEAK = YES;
				CLANG_WARN_BLOCK_CAPTURE_AUTORELEASING = YES;
				CLANG_WARN_BOOL_CONVERSION = YES;
				CLANG_WARN_COMMA = YES;
				CLANG_WARN_CONSTANT_CONVERSION = YES;
				CLANG_WARN_DEPRECATED_OBJC_IMPLEMENTATIONS = YES;
				CLANG_WARN_DIRECT_OBJC_ISA_USAGE = YES_ERROR;
				CLANG_WARN_DOCUMENTATION_COMMENTS = YES;
				CLANG_WARN_EMPTY_BODY = YES;
				CLANG_WARN_ENUM_CONVERSION = YES;
				CLANG_WARN_INFINITE_RECURSION = YES;
				CLANG_WARN_INT_CONVERSION = YES;
				CLANG_WARN_NON_LITERAL_NULL_CONVERSION = YES;
				CLANG_WARN_OBJC_IMPLICIT_RETAIN_SELF = YES;
				CLANG_WARN_OBJC_LITERAL_CONVERSION = YES;
				CLANG_WARN_OBJC_ROOT_CLASS = YES_ERROR;
				CLANG_WARN_QUOTED_INCLUDE_IN_FRAMEWORK_HEADER = YES;
				CLANG_WARN_RANGE_LOOP_ANALYSIS = YES;
				CLANG_WARN_STRICT_PROTOTYPES = YES;
				CLANG_WARN_SUSPICIOUS_MOVE = YES;
				CLANG_WARN_UNGUARDED_AVAILABILITY = YES_AGGRESSIVE;
				CLANG_WARN_UNREACHABLE_CODE = YES;
				CLANG_WARN__DUPLICATE_METHOD_MATCH = YES;
				COPY_PHASE_STRIP = NO;
				DEBUG_INFORMATION_FORMAT = "dwarf-with-dsym";
				ENABLE_NS_ASSERTIONS = NO;
				ENABLE_STRICT_OBJC_MSGSEND = YES;
				GCC_C_LANGUAGE_STANDARD = gnu11;
				GCC_NO_COMMON_BLOCKS = YES;
				GCC_WARN_64_TO_32_BIT_CONVERSION = YES;
				GCC_WARN_ABOUT_RETURN_TYPE = YES_ERROR;
				GCC_WARN_UNDECLARED_SELECTOR = YES;
				GCC_WARN_UNINITIALIZED_AUTOS = YES_AGGRESSIVE;
				GCC_WARN_UNUSED_FUNCTION = YES;
				GCC_WARN_UNUSED_VARIABLE = YES;
				IPHONEOS_DEPLOYMENT_TARGET = 16.4;
				MTL_ENABLE_DEBUG_INFO = NO;
				MTL_FAST_MATH = YES;
				SDKROOT = iphoneos;
				SWIFT_COMPILATION_MODE = wholemodule;
				SWIFT_OPTIMIZATION_LEVEL = "-O";
				VALIDATE_PRODUCT = YES;
			};
			name = Release;
		};
		75770F1E2A603F6D00ECE09D /* Debug */ = {
			isa = XCBuildConfiguration;
			buildSettings = {
				ASSETCATALOG_COMPILER_APPICON_NAME = AppIcon;
				ASSETCATALOG_COMPILER_GLOBAL_ACCENT_COLOR_NAME = AccentColor;
				CODE_SIGN_STYLE = Automatic;
				CURRENT_PROJECT_VERSION = 1;
				DEVELOPMENT_TEAM = RBVUFB3256;
				GENERATE_INFOPLIST_FILE = YES;
				INFOPLIST_FILE = ToDo/Info.plist;
				INFOPLIST_KEY_CFBundleDisplayName = ToDo;
				INFOPLIST_KEY_LSApplicationCategoryType = "public.app-category.utilities";
				INFOPLIST_KEY_UIApplicationSupportsIndirectInputEvents = YES;
				INFOPLIST_KEY_UILaunchStoryboardName = LaunchScreen;
				INFOPLIST_KEY_UIMainStoryboardFile = Main;
				INFOPLIST_KEY_UISupportedInterfaceOrientations = UIInterfaceOrientationPortrait;
				IPHONEOS_DEPLOYMENT_TARGET = 15.6;
				LD_RUNPATH_SEARCH_PATHS = (
					"$(inherited)",
					"@executable_path/Frameworks",
				);
				MARKETING_VERSION = 1.0;
				PRODUCT_BUNDLE_IDENTIFIER = com.todo.ArturAkulich.ToDo;
				PRODUCT_NAME = "$(TARGET_NAME)";
				SWIFT_EMIT_LOC_STRINGS = YES;
				SWIFT_VERSION = 5.0;
				TARGETED_DEVICE_FAMILY = "1,2";
			};
			name = Debug;
		};
		75770F1F2A603F6D00ECE09D /* Release */ = {
			isa = XCBuildConfiguration;
			buildSettings = {
				ASSETCATALOG_COMPILER_APPICON_NAME = AppIcon;
				ASSETCATALOG_COMPILER_GLOBAL_ACCENT_COLOR_NAME = AccentColor;
				CODE_SIGN_STYLE = Automatic;
				CURRENT_PROJECT_VERSION = 1;
				DEVELOPMENT_TEAM = RBVUFB3256;
				GENERATE_INFOPLIST_FILE = YES;
				INFOPLIST_FILE = ToDo/Info.plist;
				INFOPLIST_KEY_CFBundleDisplayName = ToDo;
				INFOPLIST_KEY_LSApplicationCategoryType = "public.app-category.utilities";
				INFOPLIST_KEY_UIApplicationSupportsIndirectInputEvents = YES;
				INFOPLIST_KEY_UILaunchStoryboardName = LaunchScreen;
				INFOPLIST_KEY_UIMainStoryboardFile = Main;
				INFOPLIST_KEY_UISupportedInterfaceOrientations = UIInterfaceOrientationPortrait;
				IPHONEOS_DEPLOYMENT_TARGET = 15.6;
				LD_RUNPATH_SEARCH_PATHS = (
					"$(inherited)",
					"@executable_path/Frameworks",
				);
				MARKETING_VERSION = 1.0;
				PRODUCT_BUNDLE_IDENTIFIER = com.todo.ArturAkulich.ToDo;
				PRODUCT_NAME = "$(TARGET_NAME)";
				SWIFT_EMIT_LOC_STRINGS = YES;
				SWIFT_VERSION = 5.0;
				TARGETED_DEVICE_FAMILY = "1,2";
			};
			name = Release;
		};
/* End XCBuildConfiguration section */

/* Begin XCConfigurationList section */
		75770F042A603F6C00ECE09D /* Build configuration list for PBXProject "ToDo" */ = {
			isa = XCConfigurationList;
			buildConfigurations = (
				75770F1B2A603F6D00ECE09D /* Debug */,
				75770F1C2A603F6D00ECE09D /* Release */,
			);
			defaultConfigurationIsVisible = 0;
			defaultConfigurationName = Release;
		};
		75770F1D2A603F6D00ECE09D /* Build configuration list for PBXNativeTarget "ToDo" */ = {
			isa = XCConfigurationList;
			buildConfigurations = (
				75770F1E2A603F6D00ECE09D /* Debug */,
				75770F1F2A603F6D00ECE09D /* Release */,
			);
			defaultConfigurationIsVisible = 0;
			defaultConfigurationName = Release;
		};
/* End XCConfigurationList section */

/* Begin XCVersionGroup section */
		758240502A69C432009F97D4 /* TaskModel.xcdatamodeld */ = {
			isa = XCVersionGroup;
			children = (
				758240512A69C432009F97D4 /* TaskModel.xcdatamodel */,
			);
			currentVersion = 758240512A69C432009F97D4 /* TaskModel.xcdatamodel */;
			path = TaskModel.xcdatamodeld;
			sourceTree = "<group>";
			versionGroupType = wrapper.xcdatamodel;
		};
/* End XCVersionGroup section */
	};
	rootObject = 75770F012A603F6C00ECE09D /* Project object */;
}
